
Microsoft Visual Studio Solution File, Format Version 12.00
# Visual Studio Version 17
VisualStudioVersion = 17.0.31919.166
MinimumVisualStudioVersion = 10.0.40219.1
Project("{FAE04EC0-301F-11D3-BF4B-00C04F79EFBC}") = "Assignment1", "..\Assignments\Assignment1\Assignment1.csproj", "{68A04564-014F-4E4B-A5EC-41B5A98C3A08}"
EndProject
Project("{FAE04EC0-301F-11D3-BF4B-00C04F79EFBC}") = "Daily Report Project", "Daily Report Project\Daily Report Project.csproj", "{3C04C04B-7C59-45BA-9157-43369FB27786}"
EndProject
Project("{FAE04EC0-301F-11D3-BF4B-00C04F79EFBC}") = "Math Operation Assignment", "Math Operation Assignment\Math Operation Assignment.csproj", "{6FAF2DFE-017B-40C8-A14B-38F88332BE6F}"
EndProject
Project("{FAE04EC0-301F-11D3-BF4B-00C04F79EFBC}") = "Income Comparison Assignment", "Income Comparison Assignment\Income Comparison Assignment.csproj", "{CC8C6D3E-0896-4358-B7EF-6D5BC9E39F1C}"
EndProject
Project("{FAE04EC0-301F-11D3-BF4B-00C04F79EFBC}") = "Boolean Logic Assignment", "Boolean Logic Assignment\Boolean Logic Assignment.csproj", "{0D777A4F-BFD1-4480-856F-3B9769F70967}"
EndProject
Project("{FAE04EC0-301F-11D3-BF4B-00C04F79EFBC}") = "Price-Quote Application", "Price-Quote Application\Price-Quote Application.csproj", "{A2BD2FAA-608A-440E-A937-FA113EC60B40}"
EndProject
Project("{FAE04EC0-301F-11D3-BF4B-00C04F79EFBC}") = "Loop Assignment", "Loop Assignment\Loop Assignment.csproj", "{F7D319F2-76E1-4620-B9C6-848011576CC3}"
EndProject
Project("{FAE04EC0-301F-11D3-BF4B-00C04F79EFBC}") = "String Assignment", "String Assignment\String Assignment.csproj", "{9BDEBE72-9174-4483-AEF3-0AC07CAD6D9D}"
EndProject
Project("{FAE04EC0-301F-11D3-BF4B-00C04F79EFBC}") = "Arrays", "Arrays\Arrays.csproj", "{BB860115-DFB2-436D-AC5B-57FCAFEC2029}"
EndProject
Project("{FAE04EC0-301F-11D3-BF4B-00C04F79EFBC}") = "ConsoleApp", "ConsoleApp\ConsoleApp.csproj", "{57DF82C3-88AA-4F81-9363-F8C2D89FE7FB}"
EndProject
Project("{FAE04EC0-301F-11D3-BF4B-00C04F79EFBC}") = "Exception Assignment", "Exception Assignment\Exception Assignment.csproj", "{C529DDFA-E10A-4DBE-A399-DBD4FDBF6B4D}"
EndProject
Project("{FAE04EC0-301F-11D3-BF4B-00C04F79EFBC}") = "Method Assignment", "Method Assignment\Method Assignment.csproj", "{5313F183-2A2C-4659-BB17-8CAA07773669}"
EndProject
Project("{FAE04EC0-301F-11D3-BF4B-00C04F79EFBC}") = "Classes and Methods Assignment 1", "Classes and Methods Assignment 1\Classes and Methods Assignment 1.csproj", "{96918055-354D-4CD7-896B-6302CCAE3869}"
EndProject
Project("{FAE04EC0-301F-11D3-BF4B-00C04F79EFBC}") = "Classes and Methods Assignment 2", "Classes and Methods Assignment 2\Classes and Methods Assignment 2.csproj", "{032E30BB-1075-417B-BC71-5CBEB51A4CA3}"
EndProject
Project("{FAE04EC0-301F-11D3-BF4B-00C04F79EFBC}") = "Classes and Methods Assignment 3", "Classes and Methods Assignment 3\Classes and Methods Assignment 3.csproj", "{C5AA1EC6-ACB8-4A08-9DF5-2E928B186D87}"
EndProject
Project("{FAE04EC0-301F-11D3-BF4B-00C04F79EFBC}") = "Class Method Assignment", "Class Method Assignment\Class Method Assignment.csproj", "{8935D19D-64FA-4BD5-B5D3-3A060991B4BE}"
EndProject
Project("{FAE04EC0-301F-11D3-BF4B-00C04F79EFBC}") = "Inheritance Assignment", "Inheritance Assignment\Inheritance Assignment.csproj", "{543BDA26-FD7D-45CB-BC3B-87D111F534C9}"
EndProject
Project("{FAE04EC0-301F-11D3-BF4B-00C04F79EFBC}") = "Abstract Classes Assignment", "Abstract Classes Assignment\Abstract Classes Assignment.csproj", "{C16822B7-013B-40A6-81BB-59203DB13F82}"
EndProject
Project("{FAE04EC0-301F-11D3-BF4B-00C04F79EFBC}") = "Generics Assignment", "ConsoleApp1\Generics Assignment.csproj", "{8663D7DB-6EE2-44D2-BC14-2C37E981107A}"
EndProject
Project("{FAE04EC0-301F-11D3-BF4B-00C04F79EFBC}") = "Enums Assignment", "Enums Assignment\Enums Assignment.csproj", "{C4AF7F09-6F4D-4674-93F4-2C3991EA5699}"
EndProject
Project("{FAE04EC0-301F-11D3-BF4B-00C04F79EFBC}") = "Structs Assignment", "Structs Assignment\Structs Assignment.csproj", "{11ADC24A-2EEF-43F0-AC63-CBA69E0E442B}"
EndProject
Project("{FAE04EC0-301F-11D3-BF4B-00C04F79EFBC}") = "Lambda Expression Assignment", "Lambda Expression Assignment\Lambda Expression Assignment.csproj", "{1EC906C8-9AE9-4255-86D4-953582F555AF}"
EndProject
Project("{FAE04EC0-301F-11D3-BF4B-00C04F79EFBC}") = "File IO Assignment", "File IO Assignment\File IO Assignment.csproj", "{DA25B61B-A696-4CAF-B58A-FE1BEFCE7C33}"
EndProject
Project("{FAE04EC0-301F-11D3-BF4B-00C04F79EFBC}") = "Datetime Assignment", "Datetime Assignment\Datetime Assignment.csproj", "{9705CAA7-4C05-4309-9A35-994C6019F05E}"
EndProject
Project("{FAE04EC0-301F-11D3-BF4B-00C04F79EFBC}") = "Casino", "Casino\Casino.csproj", "{7A773FE7-9F65-4D50-8857-D9E53380AC81}"
EndProject
Project("{FAE04EC0-301F-11D3-BF4B-00C04F79EFBC}") = "TwentyOne", "TwentyOne\TwentyOne.csproj", "{B414F093-0C46-44C3-B20D-AF648962CD23}"
EndProject
Project("{FAE04EC0-301F-11D3-BF4B-00C04F79EFBC}") = "Additional Features Assignment", "Additional Features Assignment\Additional Features Assignment.csproj", "{2E3769E7-E888-4A23-B0E6-1AE0042350EE}"
EndProject
Global
	GlobalSection(SolutionConfigurationPlatforms) = preSolution
		Debug|Any CPU = Debug|Any CPU
		Release|Any CPU = Release|Any CPU
	EndGlobalSection
	GlobalSection(ProjectConfigurationPlatforms) = postSolution
		{68A04564-014F-4E4B-A5EC-41B5A98C3A08}.Debug|Any CPU.ActiveCfg = Debug|Any CPU
		{68A04564-014F-4E4B-A5EC-41B5A98C3A08}.Debug|Any CPU.Build.0 = Debug|Any CPU
		{68A04564-014F-4E4B-A5EC-41B5A98C3A08}.Release|Any CPU.ActiveCfg = Release|Any CPU
		{68A04564-014F-4E4B-A5EC-41B5A98C3A08}.Release|Any CPU.Build.0 = Release|Any CPU
		{3C04C04B-7C59-45BA-9157-43369FB27786}.Debug|Any CPU.ActiveCfg = Debug|Any CPU
		{3C04C04B-7C59-45BA-9157-43369FB27786}.Debug|Any CPU.Build.0 = Debug|Any CPU
		{3C04C04B-7C59-45BA-9157-43369FB27786}.Release|Any CPU.ActiveCfg = Release|Any CPU
		{3C04C04B-7C59-45BA-9157-43369FB27786}.Release|Any CPU.Build.0 = Release|Any CPU
		{6FAF2DFE-017B-40C8-A14B-38F88332BE6F}.Debug|Any CPU.ActiveCfg = Debug|Any CPU
		{6FAF2DFE-017B-40C8-A14B-38F88332BE6F}.Debug|Any CPU.Build.0 = Debug|Any CPU
		{6FAF2DFE-017B-40C8-A14B-38F88332BE6F}.Release|Any CPU.ActiveCfg = Release|Any CPU
		{6FAF2DFE-017B-40C8-A14B-38F88332BE6F}.Release|Any CPU.Build.0 = Release|Any CPU
		{CC8C6D3E-0896-4358-B7EF-6D5BC9E39F1C}.Debug|Any CPU.ActiveCfg = Debug|Any CPU
		{CC8C6D3E-0896-4358-B7EF-6D5BC9E39F1C}.Debug|Any CPU.Build.0 = Debug|Any CPU
		{CC8C6D3E-0896-4358-B7EF-6D5BC9E39F1C}.Release|Any CPU.ActiveCfg = Release|Any CPU
		{CC8C6D3E-0896-4358-B7EF-6D5BC9E39F1C}.Release|Any CPU.Build.0 = Release|Any CPU
		{0D777A4F-BFD1-4480-856F-3B9769F70967}.Debug|Any CPU.ActiveCfg = Debug|Any CPU
		{0D777A4F-BFD1-4480-856F-3B9769F70967}.Debug|Any CPU.Build.0 = Debug|Any CPU
		{0D777A4F-BFD1-4480-856F-3B9769F70967}.Release|Any CPU.ActiveCfg = Release|Any CPU
		{0D777A4F-BFD1-4480-856F-3B9769F70967}.Release|Any CPU.Build.0 = Release|Any CPU
		{A2BD2FAA-608A-440E-A937-FA113EC60B40}.Debug|Any CPU.ActiveCfg = Debug|Any CPU
		{A2BD2FAA-608A-440E-A937-FA113EC60B40}.Debug|Any CPU.Build.0 = Debug|Any CPU
		{A2BD2FAA-608A-440E-A937-FA113EC60B40}.Release|Any CPU.ActiveCfg = Release|Any CPU
		{A2BD2FAA-608A-440E-A937-FA113EC60B40}.Release|Any CPU.Build.0 = Release|Any CPU
		{F7D319F2-76E1-4620-B9C6-848011576CC3}.Debug|Any CPU.ActiveCfg = Debug|Any CPU
		{F7D319F2-76E1-4620-B9C6-848011576CC3}.Debug|Any CPU.Build.0 = Debug|Any CPU
		{F7D319F2-76E1-4620-B9C6-848011576CC3}.Release|Any CPU.ActiveCfg = Release|Any CPU
		{F7D319F2-76E1-4620-B9C6-848011576CC3}.Release|Any CPU.Build.0 = Release|Any CPU
		{9BDEBE72-9174-4483-AEF3-0AC07CAD6D9D}.Debug|Any CPU.ActiveCfg = Debug|Any CPU
		{9BDEBE72-9174-4483-AEF3-0AC07CAD6D9D}.Debug|Any CPU.Build.0 = Debug|Any CPU
		{9BDEBE72-9174-4483-AEF3-0AC07CAD6D9D}.Release|Any CPU.ActiveCfg = Release|Any CPU
		{9BDEBE72-9174-4483-AEF3-0AC07CAD6D9D}.Release|Any CPU.Build.0 = Release|Any CPU
		{BB860115-DFB2-436D-AC5B-57FCAFEC2029}.Debug|Any CPU.ActiveCfg = Debug|Any CPU
		{BB860115-DFB2-436D-AC5B-57FCAFEC2029}.Debug|Any CPU.Build.0 = Debug|Any CPU
		{BB860115-DFB2-436D-AC5B-57FCAFEC2029}.Release|Any CPU.ActiveCfg = Release|Any CPU
		{BB860115-DFB2-436D-AC5B-57FCAFEC2029}.Release|Any CPU.Build.0 = Release|Any CPU
		{57DF82C3-88AA-4F81-9363-F8C2D89FE7FB}.Debug|Any CPU.ActiveCfg = Debug|Any CPU
		{57DF82C3-88AA-4F81-9363-F8C2D89FE7FB}.Debug|Any CPU.Build.0 = Debug|Any CPU
		{57DF82C3-88AA-4F81-9363-F8C2D89FE7FB}.Release|Any CPU.ActiveCfg = Release|Any CPU
		{57DF82C3-88AA-4F81-9363-F8C2D89FE7FB}.Release|Any CPU.Build.0 = Release|Any CPU
		{C529DDFA-E10A-4DBE-A399-DBD4FDBF6B4D}.Debug|Any CPU.ActiveCfg = Debug|Any CPU
		{C529DDFA-E10A-4DBE-A399-DBD4FDBF6B4D}.Debug|Any CPU.Build.0 = Debug|Any CPU
		{C529DDFA-E10A-4DBE-A399-DBD4FDBF6B4D}.Release|Any CPU.ActiveCfg = Release|Any CPU
		{C529DDFA-E10A-4DBE-A399-DBD4FDBF6B4D}.Release|Any CPU.Build.0 = Release|Any CPU
		{5313F183-2A2C-4659-BB17-8CAA07773669}.Debug|Any CPU.ActiveCfg = Debug|Any CPU
		{5313F183-2A2C-4659-BB17-8CAA07773669}.Debug|Any CPU.Build.0 = Debug|Any CPU
		{5313F183-2A2C-4659-BB17-8CAA07773669}.Release|Any CPU.ActiveCfg = Release|Any CPU
		{5313F183-2A2C-4659-BB17-8CAA07773669}.Release|Any CPU.Build.0 = Release|Any CPU
		{96918055-354D-4CD7-896B-6302CCAE3869}.Debug|Any CPU.ActiveCfg = Debug|Any CPU
		{96918055-354D-4CD7-896B-6302CCAE3869}.Debug|Any CPU.Build.0 = Debug|Any CPU
		{96918055-354D-4CD7-896B-6302CCAE3869}.Release|Any CPU.ActiveCfg = Release|Any CPU
		{96918055-354D-4CD7-896B-6302CCAE3869}.Release|Any CPU.Build.0 = Release|Any CPU
		{032E30BB-1075-417B-BC71-5CBEB51A4CA3}.Debug|Any CPU.ActiveCfg = Debug|Any CPU
		{032E30BB-1075-417B-BC71-5CBEB51A4CA3}.Debug|Any CPU.Build.0 = Debug|Any CPU
		{032E30BB-1075-417B-BC71-5CBEB51A4CA3}.Release|Any CPU.ActiveCfg = Release|Any CPU
		{032E30BB-1075-417B-BC71-5CBEB51A4CA3}.Release|Any CPU.Build.0 = Release|Any CPU
		{C5AA1EC6-ACB8-4A08-9DF5-2E928B186D87}.Debug|Any CPU.ActiveCfg = Debug|Any CPU
		{C5AA1EC6-ACB8-4A08-9DF5-2E928B186D87}.Debug|Any CPU.Build.0 = Debug|Any CPU
		{C5AA1EC6-ACB8-4A08-9DF5-2E928B186D87}.Release|Any CPU.ActiveCfg = Release|Any CPU
		{C5AA1EC6-ACB8-4A08-9DF5-2E928B186D87}.Release|Any CPU.Build.0 = Release|Any CPU
		{8935D19D-64FA-4BD5-B5D3-3A060991B4BE}.Debug|Any CPU.ActiveCfg = Debug|Any CPU
		{8935D19D-64FA-4BD5-B5D3-3A060991B4BE}.Debug|Any CPU.Build.0 = Debug|Any CPU
		{8935D19D-64FA-4BD5-B5D3-3A060991B4BE}.Release|Any CPU.ActiveCfg = Release|Any CPU
		{8935D19D-64FA-4BD5-B5D3-3A060991B4BE}.Release|Any CPU.Build.0 = Release|Any CPU
		{543BDA26-FD7D-45CB-BC3B-87D111F534C9}.Debug|Any CPU.ActiveCfg = Debug|Any CPU
		{543BDA26-FD7D-45CB-BC3B-87D111F534C9}.Debug|Any CPU.Build.0 = Debug|Any CPU
		{543BDA26-FD7D-45CB-BC3B-87D111F534C9}.Release|Any CPU.ActiveCfg = Release|Any CPU
		{543BDA26-FD7D-45CB-BC3B-87D111F534C9}.Release|Any CPU.Build.0 = Release|Any CPU
		{C16822B7-013B-40A6-81BB-59203DB13F82}.Debug|Any CPU.ActiveCfg = Debug|Any CPU
		{C16822B7-013B-40A6-81BB-59203DB13F82}.Debug|Any CPU.Build.0 = Debug|Any CPU
		{C16822B7-013B-40A6-81BB-59203DB13F82}.Release|Any CPU.ActiveCfg = Release|Any CPU
		{C16822B7-013B-40A6-81BB-59203DB13F82}.Release|Any CPU.Build.0 = Release|Any CPU
		{8663D7DB-6EE2-44D2-BC14-2C37E981107A}.Debug|Any CPU.ActiveCfg = Debug|Any CPU
		{8663D7DB-6EE2-44D2-BC14-2C37E981107A}.Debug|Any CPU.Build.0 = Debug|Any CPU
		{8663D7DB-6EE2-44D2-BC14-2C37E981107A}.Release|Any CPU.ActiveCfg = Release|Any CPU
		{8663D7DB-6EE2-44D2-BC14-2C37E981107A}.Release|Any CPU.Build.0 = Release|Any CPU
		{C4AF7F09-6F4D-4674-93F4-2C3991EA5699}.Debug|Any CPU.ActiveCfg = Debug|Any CPU
		{C4AF7F09-6F4D-4674-93F4-2C3991EA5699}.Debug|Any CPU.Build.0 = Debug|Any CPU
		{C4AF7F09-6F4D-4674-93F4-2C3991EA5699}.Release|Any CPU.ActiveCfg = Release|Any CPU
		{C4AF7F09-6F4D-4674-93F4-2C3991EA5699}.Release|Any CPU.Build.0 = Release|Any CPU
		{11ADC24A-2EEF-43F0-AC63-CBA69E0E442B}.Debug|Any CPU.ActiveCfg = Debug|Any CPU
		{11ADC24A-2EEF-43F0-AC63-CBA69E0E442B}.Debug|Any CPU.Build.0 = Debug|Any CPU
		{11ADC24A-2EEF-43F0-AC63-CBA69E0E442B}.Release|Any CPU.ActiveCfg = Release|Any CPU
		{11ADC24A-2EEF-43F0-AC63-CBA69E0E442B}.Release|Any CPU.Build.0 = Release|Any CPU
		{1EC906C8-9AE9-4255-86D4-953582F555AF}.Debug|Any CPU.ActiveCfg = Debug|Any CPU
		{1EC906C8-9AE9-4255-86D4-953582F555AF}.Debug|Any CPU.Build.0 = Debug|Any CPU
		{1EC906C8-9AE9-4255-86D4-953582F555AF}.Release|Any CPU.ActiveCfg = Release|Any CPU
		{1EC906C8-9AE9-4255-86D4-953582F555AF}.Release|Any CPU.Build.0 = Release|Any CPU
		{DA25B61B-A696-4CAF-B58A-FE1BEFCE7C33}.Debug|Any CPU.ActiveCfg = Debug|Any CPU
		{DA25B61B-A696-4CAF-B58A-FE1BEFCE7C33}.Debug|Any CPU.Build.0 = Debug|Any CPU
		{DA25B61B-A696-4CAF-B58A-FE1BEFCE7C33}.Release|Any CPU.ActiveCfg = Release|Any CPU
		{DA25B61B-A696-4CAF-B58A-FE1BEFCE7C33}.Release|Any CPU.Build.0 = Release|Any CPU
		{9705CAA7-4C05-4309-9A35-994C6019F05E}.Debug|Any CPU.ActiveCfg = Debug|Any CPU
		{9705CAA7-4C05-4309-9A35-994C6019F05E}.Debug|Any CPU.Build.0 = Debug|Any CPU
		{9705CAA7-4C05-4309-9A35-994C6019F05E}.Release|Any CPU.ActiveCfg = Release|Any CPU
		{9705CAA7-4C05-4309-9A35-994C6019F05E}.Release|Any CPU.Build.0 = Release|Any CPU
		{7A773FE7-9F65-4D50-8857-D9E53380AC81}.Debug|Any CPU.ActiveCfg = Debug|Any CPU
		{7A773FE7-9F65-4D50-8857-D9E53380AC81}.Debug|Any CPU.Build.0 = Debug|Any CPU
		{7A773FE7-9F65-4D50-8857-D9E53380AC81}.Release|Any CPU.ActiveCfg = Release|Any CPU
		{7A773FE7-9F65-4D50-8857-D9E53380AC81}.Release|Any CPU.Build.0 = Release|Any CPU
		{B414F093-0C46-44C3-B20D-AF648962CD23}.Debug|Any CPU.ActiveCfg = Debug|Any CPU
		{B414F093-0C46-44C3-B20D-AF648962CD23}.Debug|Any CPU.Build.0 = Debug|Any CPU
		{B414F093-0C46-44C3-B20D-AF648962CD23}.Release|Any CPU.ActiveCfg = Release|Any CPU
		{B414F093-0C46-44C3-B20D-AF648962CD23}.Release|Any CPU.Build.0 = Release|Any CPU
		{2E3769E7-E888-4A23-B0E6-1AE0042350EE}.Debug|Any CPU.ActiveCfg = Debug|Any CPU
		{2E3769E7-E888-4A23-B0E6-1AE0042350EE}.Debug|Any CPU.Build.0 = Debug|Any CPU
		{2E3769E7-E888-4A23-B0E6-1AE0042350EE}.Release|Any CPU.ActiveCfg = Release|Any CPU
		{2E3769E7-E888-4A23-B0E6-1AE0042350EE}.Release|Any CPU.Build.0 = Release|Any CPU
	EndGlobalSection
	GlobalSection(SolutionProperties) = preSolution
		HideSolutionNode = FALSE
	EndGlobalSection
	GlobalSection(ExtensibilityGlobals) = postSolution
		SolutionGuid = {36E0E50F-372D-4EA2-A11B-1D139402C633}
	EndGlobalSection
EndGlobal
